// !$*UTF8*$!
{
	archiveVersion = 1;
	classes = {
	};
	objectVersion = 46;
	objects = {

/* Begin PBXBuildFile section */
		970CE399193193B40038841F /* Foundation.framework in Frameworks */ = {isa = PBXBuildFile; fileRef = 970CE398193193B40038841F /* Foundation.framework */; };
		970CE3A7193193B40038841F /* XCTest.framework in Frameworks */ = {isa = PBXBuildFile; fileRef = 970CE3A6193193B40038841F /* XCTest.framework */; };
		970CE3A8193193B40038841F /* Foundation.framework in Frameworks */ = {isa = PBXBuildFile; fileRef = 970CE398193193B40038841F /* Foundation.framework */; };
		970CE3AA193193B40038841F /* UIKit.framework in Frameworks */ = {isa = PBXBuildFile; fileRef = 970CE3A9193193B40038841F /* UIKit.framework */; };
		970CE3AD193193B40038841F /* libucifParser.a in Frameworks */ = {isa = PBXBuildFile; fileRef = 970CE395193193B40038841F /* libucifParser.a */; };
		970CE3B3193193B40038841F /* InfoPlist.strings in Resources */ = {isa = PBXBuildFile; fileRef = 970CE3B1193193B40038841F /* InfoPlist.strings */; };
		970CE401193193EB0038841F /* antlr3baserecognizer.c in Sources */ = {isa = PBXBuildFile; fileRef = 970CE3E2193193EB0038841F /* antlr3baserecognizer.c */; };
		970CE402193193EB0038841F /* antlr3basetree.c in Sources */ = {isa = PBXBuildFile; fileRef = 970CE3E3193193EB0038841F /* antlr3basetree.c */; };
		970CE403193193EB0038841F /* antlr3basetreeadaptor.c in Sources */ = {isa = PBXBuildFile; fileRef = 970CE3E4193193EB0038841F /* antlr3basetreeadaptor.c */; };
		970CE404193193EB0038841F /* antlr3bitset.c in Sources */ = {isa = PBXBuildFile; fileRef = 970CE3E5193193EB0038841F /* antlr3bitset.c */; };
		970CE405193193EB0038841F /* antlr3collections.c in Sources */ = {isa = PBXBuildFile; fileRef = 970CE3E6193193EB0038841F /* antlr3collections.c */; };
		970CE406193193EB0038841F /* antlr3commontoken.c in Sources */ = {isa = PBXBuildFile; fileRef = 970CE3E7193193EB0038841F /* antlr3commontoken.c */; };
		970CE407193193EB0038841F /* antlr3commontree.c in Sources */ = {isa = PBXBuildFile; fileRef = 970CE3E8193193EB0038841F /* antlr3commontree.c */; };
		970CE408193193EB0038841F /* antlr3commontreeadaptor.c in Sources */ = {isa = PBXBuildFile; fileRef = 970CE3E9193193EB0038841F /* antlr3commontreeadaptor.c */; };
		970CE409193193EB0038841F /* antlr3commontreenodestream.c in Sources */ = {isa = PBXBuildFile; fileRef = 970CE3EA193193EB0038841F /* antlr3commontreenodestream.c */; };
		970CE40A193193EB0038841F /* antlr3convertutf.c in Sources */ = {isa = PBXBuildFile; fileRef = 970CE3EB193193EB0038841F /* antlr3convertutf.c */; };
		970CE40B193193EB0038841F /* antlr3cyclicdfa.c in Sources */ = {isa = PBXBuildFile; fileRef = 970CE3EC193193EB0038841F /* antlr3cyclicdfa.c */; };
		970CE40C193193EB0038841F /* antlr3debughandlers.c in Sources */ = {isa = PBXBuildFile; fileRef = 970CE3ED193193EB0038841F /* antlr3debughandlers.c */; };
		970CE40D193193EB0038841F /* antlr3encodings.c in Sources */ = {isa = PBXBuildFile; fileRef = 970CE3EE193193EB0038841F /* antlr3encodings.c */; };
		970CE40E193193EB0038841F /* antlr3exception.c in Sources */ = {isa = PBXBuildFile; fileRef = 970CE3EF193193EB0038841F /* antlr3exception.c */; };
		970CE40F193193EB0038841F /* antlr3filestream.c in Sources */ = {isa = PBXBuildFile; fileRef = 970CE3F0193193EB0038841F /* antlr3filestream.c */; };
		970CE410193193EB0038841F /* antlr3inputstream.c in Sources */ = {isa = PBXBuildFile; fileRef = 970CE3F1193193EB0038841F /* antlr3inputstream.c */; };
		970CE411193193EB0038841F /* antlr3intstream.c in Sources */ = {isa = PBXBuildFile; fileRef = 970CE3F2193193EB0038841F /* antlr3intstream.c */; };
		970CE412193193EB0038841F /* antlr3lexer.c in Sources */ = {isa = PBXBuildFile; fileRef = 970CE3F3193193EB0038841F /* antlr3lexer.c */; };
		970CE413193193EB0038841F /* antlr3parser.c in Sources */ = {isa = PBXBuildFile; fileRef = 970CE3F4193193EB0038841F /* antlr3parser.c */; };
		970CE414193193EB0038841F /* antlr3rewritestreams.c in Sources */ = {isa = PBXBuildFile; fileRef = 970CE3F5193193EB0038841F /* antlr3rewritestreams.c */; };
		970CE415193193EB0038841F /* antlr3string.c in Sources */ = {isa = PBXBuildFile; fileRef = 970CE3F6193193EB0038841F /* antlr3string.c */; };
		970CE416193193EB0038841F /* antlr3tokenstream.c in Sources */ = {isa = PBXBuildFile; fileRef = 970CE3F7193193EB0038841F /* antlr3tokenstream.c */; };
		970CE417193193EB0038841F /* antlr3treeparser.c in Sources */ = {isa = PBXBuildFile; fileRef = 970CE3F8193193EB0038841F /* antlr3treeparser.c */; };
		970CE418193193EB0038841F /* cifLexer.cpp in Sources */ = {isa = PBXBuildFile; fileRef = 970CE3FB193193EB0038841F /* cifLexer.cpp */; };
		970CE419193193EB0038841F /* cifParser.cpp in Sources */ = {isa = PBXBuildFile; fileRef = 970CE3FD193193EB0038841F /* cifParser.cpp */; };
		970CE41C193194520038841F /* ucifParser.mm in Sources */ = {isa = PBXBuildFile; fileRef = 970CE41B193194520038841F /* ucifParser.mm */; };
		970CE41E1931946D0038841F /* ucifParserTests.mm in Sources */ = {isa = PBXBuildFile; fileRef = 970CE41D1931946D0038841F /* ucifParserTests.mm */; };
		970CE420193194780038841F /* coronene.cif in Resources */ = {isa = PBXBuildFile; fileRef = 970CE41F193194780038841F /* coronene.cif */; };
		970CE422193195F70038841F /* libc++.dylib in Frameworks */ = {isa = PBXBuildFile; fileRef = 970CE421193195F70038841F /* libc++.dylib */; };
/* End PBXBuildFile section */

/* Begin PBXContainerItemProxy section */
		970CE3AB193193B40038841F /* PBXContainerItemProxy */ = {
			isa = PBXContainerItemProxy;
			containerPortal = 970CE38D193193B40038841F /* Project object */;
			proxyType = 1;
			remoteGlobalIDString = 970CE394193193B40038841F;
			remoteInfo = ucifParser;
		};
/* End PBXContainerItemProxy section */

/* Begin PBXCopyFilesBuildPhase section */
		970CE393193193B40038841F /* CopyFiles */ = {
			isa = PBXCopyFilesBuildPhase;
			buildActionMask = 2147483647;
			dstPath = "include/$(PRODUCT_NAME)";
			dstSubfolderSpec = 16;
			files = (
			);
			runOnlyForDeploymentPostprocessing = 0;
		};
/* End PBXCopyFilesBuildPhase section */

/* Begin PBXFileReference section */
		970CE395193193B40038841F /* libucifParser.a */ = {isa = PBXFileReference; explicitFileType = archive.ar; includeInIndex = 0; path = libucifParser.a; sourceTree = BUILT_PRODUCTS_DIR; };
		970CE398193193B40038841F /* Foundation.framework */ = {isa = PBXFileReference; lastKnownFileType = wrapper.framework; name = Foundation.framework; path = System/Library/Frameworks/Foundation.framework; sourceTree = SDKROOT; };
		970CE39C193193B40038841F /* ucifParser-Prefix.pch */ = {isa = PBXFileReference; lastKnownFileType = sourcecode.c.h; path = "ucifParser-Prefix.pch"; sourceTree = "<group>"; };
		970CE3A5193193B40038841F /* ucifParserTests.xctest */ = {isa = PBXFileReference; explicitFileType = wrapper.cfbundle; includeInIndex = 0; path = ucifParserTests.xctest; sourceTree = BUILT_PRODUCTS_DIR; };
		970CE3A6193193B40038841F /* XCTest.framework */ = {isa = PBXFileReference; lastKnownFileType = wrapper.framework; name = XCTest.framework; path = Library/Frameworks/XCTest.framework; sourceTree = DEVELOPER_DIR; };
		970CE3A9193193B40038841F /* UIKit.framework */ = {isa = PBXFileReference; lastKnownFileType = wrapper.framework; name = UIKit.framework; path = Library/Frameworks/UIKit.framework; sourceTree = DEVELOPER_DIR; };
		970CE3B0193193B40038841F /* ucifParserTests-Info.plist */ = {isa = PBXFileReference; lastKnownFileType = text.plist.xml; path = "ucifParserTests-Info.plist"; sourceTree = "<group>"; };
		970CE3B2193193B40038841F /* en */ = {isa = PBXFileReference; lastKnownFileType = text.plist.strings; name = en; path = en.lproj/InfoPlist.strings; sourceTree = "<group>"; };
		970CE3C0193193EB0038841F /* antlr3config.h */ = {isa = PBXFileReference; fileEncoding = 4; lastKnownFileType = sourcecode.c.h; path = antlr3config.h; sourceTree = "<group>"; };
		970CE3C2193193EB0038841F /* antlr3.h */ = {isa = PBXFileReference; fileEncoding = 4; lastKnownFileType = sourcecode.c.h; path = antlr3.h; sourceTree = "<group>"; };
		970CE3C3193193EB0038841F /* antlr3baserecognizer.h */ = {isa = PBXFileReference; fileEncoding = 4; lastKnownFileType = sourcecode.c.h; path = antlr3baserecognizer.h; sourceTree = "<group>"; };
		970CE3C4193193EB0038841F /* antlr3basetree.h */ = {isa = PBXFileReference; fileEncoding = 4; lastKnownFileType = sourcecode.c.h; path = antlr3basetree.h; sourceTree = "<group>"; };
		970CE3C5193193EB0038841F /* antlr3basetreeadaptor.h */ = {isa = PBXFileReference; fileEncoding = 4; lastKnownFileType = sourcecode.c.h; path = antlr3basetreeadaptor.h; sourceTree = "<group>"; };
		970CE3C6193193EB0038841F /* antlr3bitset.h */ = {isa = PBXFileReference; fileEncoding = 4; lastKnownFileType = sourcecode.c.h; path = antlr3bitset.h; sourceTree = "<group>"; };
		970CE3C7193193EB0038841F /* antlr3collections.h */ = {isa = PBXFileReference; fileEncoding = 4; lastKnownFileType = sourcecode.c.h; path = antlr3collections.h; sourceTree = "<group>"; };
		970CE3C8193193EB0038841F /* antlr3commontoken.h */ = {isa = PBXFileReference; fileEncoding = 4; lastKnownFileType = sourcecode.c.h; path = antlr3commontoken.h; sourceTree = "<group>"; };
		970CE3C9193193EB0038841F /* antlr3commontree.h */ = {isa = PBXFileReference; fileEncoding = 4; lastKnownFileType = sourcecode.c.h; path = antlr3commontree.h; sourceTree = "<group>"; };
		970CE3CA193193EB0038841F /* antlr3commontreeadaptor.h */ = {isa = PBXFileReference; fileEncoding = 4; lastKnownFileType = sourcecode.c.h; path = antlr3commontreeadaptor.h; sourceTree = "<group>"; };
		970CE3CB193193EB0038841F /* antlr3commontreenodestream.h */ = {isa = PBXFileReference; fileEncoding = 4; lastKnownFileType = sourcecode.c.h; path = antlr3commontreenodestream.h; sourceTree = "<group>"; };
		970CE3CC193193EB0038841F /* antlr3convertutf.h */ = {isa = PBXFileReference; fileEncoding = 4; lastKnownFileType = sourcecode.c.h; path = antlr3convertutf.h; sourceTree = "<group>"; };
		970CE3CD193193EB0038841F /* antlr3cyclicdfa.h */ = {isa = PBXFileReference; fileEncoding = 4; lastKnownFileType = sourcecode.c.h; path = antlr3cyclicdfa.h; sourceTree = "<group>"; };
		970CE3CE193193EB0038841F /* antlr3debugeventlistener.h */ = {isa = PBXFileReference; fileEncoding = 4; lastKnownFileType = sourcecode.c.h; path = antlr3debugeventlistener.h; sourceTree = "<group>"; };
		970CE3CF193193EB0038841F /* antlr3defs.h */ = {isa = PBXFileReference; fileEncoding = 4; lastKnownFileType = sourcecode.c.h; path = antlr3defs.h; sourceTree = "<group>"; };
		970CE3D0193193EB0038841F /* antlr3encodings.h */ = {isa = PBXFileReference; fileEncoding = 4; lastKnownFileType = sourcecode.c.h; path = antlr3encodings.h; sourceTree = "<group>"; };
		970CE3D1193193EB0038841F /* antlr3errors.h */ = {isa = PBXFileReference; fileEncoding = 4; lastKnownFileType = sourcecode.c.h; path = antlr3errors.h; sourceTree = "<group>"; };
		970CE3D2193193EB0038841F /* antlr3exception.h */ = {isa = PBXFileReference; fileEncoding = 4; lastKnownFileType = sourcecode.c.h; path = antlr3exception.h; sourceTree = "<group>"; };
		970CE3D3193193EB0038841F /* antlr3filestream.h */ = {isa = PBXFileReference; fileEncoding = 4; lastKnownFileType = sourcecode.c.h; path = antlr3filestream.h; sourceTree = "<group>"; };
		970CE3D4193193EB0038841F /* antlr3input.h */ = {isa = PBXFileReference; fileEncoding = 4; lastKnownFileType = sourcecode.c.h; path = antlr3input.h; sourceTree = "<group>"; };
		970CE3D5193193EB0038841F /* antlr3interfaces.h */ = {isa = PBXFileReference; fileEncoding = 4; lastKnownFileType = sourcecode.c.h; path = antlr3interfaces.h; sourceTree = "<group>"; };
		970CE3D6193193EB0038841F /* antlr3intstream.h */ = {isa = PBXFileReference; fileEncoding = 4; lastKnownFileType = sourcecode.c.h; path = antlr3intstream.h; sourceTree = "<group>"; };
		970CE3D7193193EB0038841F /* antlr3lexer.h */ = {isa = PBXFileReference; fileEncoding = 4; lastKnownFileType = sourcecode.c.h; path = antlr3lexer.h; sourceTree = "<group>"; };
		970CE3D8193193EB0038841F /* antlr3memory.h */ = {isa = PBXFileReference; fileEncoding = 4; lastKnownFileType = sourcecode.c.h; path = antlr3memory.h; sourceTree = "<group>"; };
		970CE3D9193193EB0038841F /* antlr3parser.h */ = {isa = PBXFileReference; fileEncoding = 4; lastKnownFileType = sourcecode.c.h; path = antlr3parser.h; sourceTree = "<group>"; };
		970CE3DA193193EB0038841F /* antlr3parsetree.h */ = {isa = PBXFileReference; fileEncoding = 4; lastKnownFileType = sourcecode.c.h; path = antlr3parsetree.h; sourceTree = "<group>"; };
		970CE3DB193193EB0038841F /* antlr3recognizersharedstate.h */ = {isa = PBXFileReference; fileEncoding = 4; lastKnownFileType = sourcecode.c.h; path = antlr3recognizersharedstate.h; sourceTree = "<group>"; };
		970CE3DC193193EB0038841F /* antlr3rewritestreams.h */ = {isa = PBXFileReference; fileEncoding = 4; lastKnownFileType = sourcecode.c.h; path = antlr3rewritestreams.h; sourceTree = "<group>"; };
		970CE3DD193193EB0038841F /* antlr3string.h */ = {isa = PBXFileReference; fileEncoding = 4; lastKnownFileType = sourcecode.c.h; path = antlr3string.h; sourceTree = "<group>"; };
		970CE3DE193193EB0038841F /* antlr3tokenstream.h */ = {isa = PBXFileReference; fileEncoding = 4; lastKnownFileType = sourcecode.c.h; path = antlr3tokenstream.h; sourceTree = "<group>"; };
		970CE3DF193193EB0038841F /* antlr3treeparser.h */ = {isa = PBXFileReference; fileEncoding = 4; lastKnownFileType = sourcecode.c.h; path = antlr3treeparser.h; sourceTree = "<group>"; };
		970CE3E0193193EB0038841F /* NOTES */ = {isa = PBXFileReference; fileEncoding = 4; lastKnownFileType = text; path = NOTES; sourceTree = "<group>"; };
		970CE3E2193193EB0038841F /* antlr3baserecognizer.c */ = {isa = PBXFileReference; fileEncoding = 4; lastKnownFileType = sourcecode.c.c; path = antlr3baserecognizer.c; sourceTree = "<group>"; };
		970CE3E3193193EB0038841F /* antlr3basetree.c */ = {isa = PBXFileReference; fileEncoding = 4; lastKnownFileType = sourcecode.c.c; path = antlr3basetree.c; sourceTree = "<group>"; };
		970CE3E4193193EB0038841F /* antlr3basetreeadaptor.c */ = {isa = PBXFileReference; fileEncoding = 4; lastKnownFileType = sourcecode.c.c; path = antlr3basetreeadaptor.c; sourceTree = "<group>"; };
		970CE3E5193193EB0038841F /* antlr3bitset.c */ = {isa = PBXFileReference; fileEncoding = 4; lastKnownFileType = sourcecode.c.c; path = antlr3bitset.c; sourceTree = "<group>"; };
		970CE3E6193193EB0038841F /* antlr3collections.c */ = {isa = PBXFileReference; fileEncoding = 4; lastKnownFileType = sourcecode.c.c; path = antlr3collections.c; sourceTree = "<group>"; };
		970CE3E7193193EB0038841F /* antlr3commontoken.c */ = {isa = PBXFileReference; fileEncoding = 4; lastKnownFileType = sourcecode.c.c; path = antlr3commontoken.c; sourceTree = "<group>"; };
		970CE3E8193193EB0038841F /* antlr3commontree.c */ = {isa = PBXFileReference; fileEncoding = 4; lastKnownFileType = sourcecode.c.c; path = antlr3commontree.c; sourceTree = "<group>"; };
		970CE3E9193193EB0038841F /* antlr3commontreeadaptor.c */ = {isa = PBXFileReference; fileEncoding = 4; lastKnownFileType = sourcecode.c.c; path = antlr3commontreeadaptor.c; sourceTree = "<group>"; };
		970CE3EA193193EB0038841F /* antlr3commontreenodestream.c */ = {isa = PBXFileReference; fileEncoding = 4; lastKnownFileType = sourcecode.c.c; path = antlr3commontreenodestream.c; sourceTree = "<group>"; };
		970CE3EB193193EB0038841F /* antlr3convertutf.c */ = {isa = PBXFileReference; fileEncoding = 4; lastKnownFileType = sourcecode.c.c; path = antlr3convertutf.c; sourceTree = "<group>"; };
		970CE3EC193193EB0038841F /* antlr3cyclicdfa.c */ = {isa = PBXFileReference; fileEncoding = 4; lastKnownFileType = sourcecode.c.c; path = antlr3cyclicdfa.c; sourceTree = "<group>"; };
		970CE3ED193193EB0038841F /* antlr3debughandlers.c */ = {isa = PBXFileReference; fileEncoding = 4; lastKnownFileType = sourcecode.c.c; path = antlr3debughandlers.c; sourceTree = "<group>"; };
		970CE3EE193193EB0038841F /* antlr3encodings.c */ = {isa = PBXFileReference; fileEncoding = 4; lastKnownFileType = sourcecode.c.c; path = antlr3encodings.c; sourceTree = "<group>"; };
		970CE3EF193193EB0038841F /* antlr3exception.c */ = {isa = PBXFileReference; fileEncoding = 4; lastKnownFileType = sourcecode.c.c; path = antlr3exception.c; sourceTree = "<group>"; };
		970CE3F0193193EB0038841F /* antlr3filestream.c */ = {isa = PBXFileReference; fileEncoding = 4; lastKnownFileType = sourcecode.c.c; path = antlr3filestream.c; sourceTree = "<group>"; };
		970CE3F1193193EB0038841F /* antlr3inputstream.c */ = {isa = PBXFileReference; fileEncoding = 4; lastKnownFileType = sourcecode.c.c; path = antlr3inputstream.c; sourceTree = "<group>"; };
		970CE3F2193193EB0038841F /* antlr3intstream.c */ = {isa = PBXFileReference; fileEncoding = 4; lastKnownFileType = sourcecode.c.c; path = antlr3intstream.c; sourceTree = "<group>"; };
		970CE3F3193193EB0038841F /* antlr3lexer.c */ = {isa = PBXFileReference; fileEncoding = 4; lastKnownFileType = sourcecode.c.c; path = antlr3lexer.c; sourceTree = "<group>"; };
		970CE3F4193193EB0038841F /* antlr3parser.c */ = {isa = PBXFileReference; fileEncoding = 4; lastKnownFileType = sourcecode.c.c; path = antlr3parser.c; sourceTree = "<group>"; };
		970CE3F5193193EB0038841F /* antlr3rewritestreams.c */ = {isa = PBXFileReference; fileEncoding = 4; lastKnownFileType = sourcecode.c.c; path = antlr3rewritestreams.c; sourceTree = "<group>"; };
		970CE3F6193193EB0038841F /* antlr3string.c */ = {isa = PBXFileReference; fileEncoding = 4; lastKnownFileType = sourcecode.c.c; path = antlr3string.c; sourceTree = "<group>"; };
		970CE3F7193193EB0038841F /* antlr3tokenstream.c */ = {isa = PBXFileReference; fileEncoding = 4; lastKnownFileType = sourcecode.c.c; path = antlr3tokenstream.c; sourceTree = "<group>"; };
		970CE3F8193193EB0038841F /* antlr3treeparser.c */ = {isa = PBXFileReference; fileEncoding = 4; lastKnownFileType = sourcecode.c.c; path = antlr3treeparser.c; sourceTree = "<group>"; };
		970CE3F9193193EB0038841F /* builder.h */ = {isa = PBXFileReference; fileEncoding = 4; lastKnownFileType = sourcecode.c.h; path = builder.h; sourceTree = "<group>"; };
		970CE3FA193193EB0038841F /* cif.g */ = {isa = PBXFileReference; fileEncoding = 4; lastKnownFileType = text; path = cif.g; sourceTree = "<group>"; };
		970CE3FB193193EB0038841F /* cifLexer.cpp */ = {isa = PBXFileReference; fileEncoding = 4; lastKnownFileType = sourcecode.cpp.cpp; path = cifLexer.cpp; sourceTree = "<group>"; };
		970CE3FC193193EB0038841F /* cifLexer.h */ = {isa = PBXFileReference; fileEncoding = 4; lastKnownFileType = sourcecode.c.h; path = cifLexer.h; sourceTree = "<group>"; };
		970CE3FD193193EB0038841F /* cifParser.cpp */ = {isa = PBXFileReference; fileEncoding = 4; lastKnownFileType = sourcecode.cpp.cpp; path = cifParser.cpp; sourceTree = "<group>"; };
		970CE3FE193193EB0038841F /* cifParser.h */ = {isa = PBXFileReference; fileEncoding = 4; lastKnownFileType = sourcecode.c.h; path = cifParser.h; sourceTree = "<group>"; };
		970CE3FF193193EB0038841F /* parser.h */ = {isa = PBXFileReference; fileEncoding = 4; lastKnownFileType = sourcecode.c.h; path = parser.h; sourceTree = "<group>"; };
		970CE400193193EB0038841F /* utils.h */ = {isa = PBXFileReference; fileEncoding = 4; lastKnownFileType = sourcecode.c.h; path = utils.h; sourceTree = "<group>"; };
		970CE41A193194520038841F /* ucifParser.h */ = {isa = PBXFileReference; fileEncoding = 4; lastKnownFileType = sourcecode.c.h; path = ucifParser.h; sourceTree = "<group>"; };
		970CE41B193194520038841F /* ucifParser.mm */ = {isa = PBXFileReference; fileEncoding = 4; lastKnownFileType = sourcecode.cpp.objcpp; path = ucifParser.mm; sourceTree = "<group>"; };
		970CE41D1931946D0038841F /* ucifParserTests.mm */ = {isa = PBXFileReference; fileEncoding = 4; lastKnownFileType = sourcecode.cpp.objcpp; path = ucifParserTests.mm; sourceTree = "<group>"; };
		970CE41F193194780038841F /* coronene.cif */ = {isa = PBXFileReference; fileEncoding = 4; lastKnownFileType = text; path = coronene.cif; sourceTree = "<group>"; };
		970CE421193195F70038841F /* libc++.dylib */ = {isa = PBXFileReference; lastKnownFileType = "compiled.mach-o.dylib"; name = "libc++.dylib"; path = "usr/lib/libc++.dylib"; sourceTree = SDKROOT; };
/* End PBXFileReference section */

/* Begin PBXFrameworksBuildPhase section */
		970CE392193193B40038841F /* Frameworks */ = {
			isa = PBXFrameworksBuildPhase;
			buildActionMask = 2147483647;
			files = (
				970CE422193195F70038841F /* libc++.dylib in Frameworks */,
				970CE399193193B40038841F /* Foundation.framework in Frameworks */,
			);
			runOnlyForDeploymentPostprocessing = 0;
		};
		970CE3A2193193B40038841F /* Frameworks */ = {
			isa = PBXFrameworksBuildPhase;
			buildActionMask = 2147483647;
			files = (
				970CE3A7193193B40038841F /* XCTest.framework in Frameworks */,
				970CE3AD193193B40038841F /* libucifParser.a in Frameworks */,
				970CE3AA193193B40038841F /* UIKit.framework in Frameworks */,
				970CE3A8193193B40038841F /* Foundation.framework in Frameworks */,
			);
			runOnlyForDeploymentPostprocessing = 0;
		};
/* End PBXFrameworksBuildPhase section */

/* Begin PBXGroup section */
		970CE38C193193B40038841F = {
			isa = PBXGroup;
			children = (
				970CE39A193193B40038841F /* ucifParser */,
				970CE3AE193193B40038841F /* ucifParserTests */,
				970CE397193193B40038841F /* Frameworks */,
				970CE396193193B40038841F /* Products */,
			);
			sourceTree = "<group>";
		};
		970CE396193193B40038841F /* Products */ = {
			isa = PBXGroup;
			children = (
				970CE395193193B40038841F /* libucifParser.a */,
				970CE3A5193193B40038841F /* ucifParserTests.xctest */,
			);
			name = Products;
			sourceTree = "<group>";
		};
		970CE397193193B40038841F /* Frameworks */ = {
			isa = PBXGroup;
			children = (
				970CE421193195F70038841F /* libc++.dylib */,
				970CE398193193B40038841F /* Foundation.framework */,
				970CE3A6193193B40038841F /* XCTest.framework */,
				970CE3A9193193B40038841F /* UIKit.framework */,
			);
			name = Frameworks;
			sourceTree = "<group>";
		};
		970CE39A193193B40038841F /* ucifParser */ = {
			isa = PBXGroup;
			children = (
				970CE41A193194520038841F /* ucifParser.h */,
				970CE41B193194520038841F /* ucifParser.mm */,
				970CE3BE193193EB0038841F /* ucif */,
				970CE39B193193B40038841F /* Supporting Files */,
			);
			path = ucifParser;
			sourceTree = "<group>";
		};
		970CE39B193193B40038841F /* Supporting Files */ = {
			isa = PBXGroup;
			children = (
				970CE39C193193B40038841F /* ucifParser-Prefix.pch */,
			);
			name = "Supporting Files";
			sourceTree = "<group>";
		};
		970CE3AE193193B40038841F /* ucifParserTests */ = {
			isa = PBXGroup;
			children = (
				970CE41D1931946D0038841F /* ucifParserTests.mm */,
				970CE3AF193193B40038841F /* Supporting Files */,
			);
			path = ucifParserTests;
			sourceTree = "<group>";
		};
		970CE3AF193193B40038841F /* Supporting Files */ = {
			isa = PBXGroup;
			children = (
				970CE41F193194780038841F /* coronene.cif */,
				970CE3B0193193B40038841F /* ucifParserTests-Info.plist */,
				970CE3B1193193B40038841F /* InfoPlist.strings */,
			);
			name = "Supporting Files";
			sourceTree = "<group>";
		};
		970CE3BE193193EB0038841F /* ucif */ = {
			isa = PBXGroup;
			children = (
				970CE3BF193193EB0038841F /* antlr3 */,
				970CE3F9193193EB0038841F /* builder.h */,
				970CE3FA193193EB0038841F /* cif.g */,
				970CE3FB193193EB0038841F /* cifLexer.cpp */,
				970CE3FC193193EB0038841F /* cifLexer.h */,
				970CE3FD193193EB0038841F /* cifParser.cpp */,
				970CE3FE193193EB0038841F /* cifParser.h */,
				970CE3FF193193EB0038841F /* parser.h */,
				970CE400193193EB0038841F /* utils.h */,
			);
			path = ucif;
			sourceTree = "<group>";
		};
		970CE3BF193193EB0038841F /* antlr3 */ = {
			isa = PBXGroup;
			children = (
				970CE3C0193193EB0038841F /* antlr3config.h */,
				970CE3C1193193EB0038841F /* include */,
				970CE3E0193193EB0038841F /* NOTES */,
				970CE3E1193193EB0038841F /* src */,
			);
			path = antlr3;
			sourceTree = "<group>";
		};
		970CE3C1193193EB0038841F /* include */ = {
			isa = PBXGroup;
			children = (
				970CE3C2193193EB0038841F /* antlr3.h */,
				970CE3C3193193EB0038841F /* antlr3baserecognizer.h */,
				970CE3C4193193EB0038841F /* antlr3basetree.h */,
				970CE3C5193193EB0038841F /* antlr3basetreeadaptor.h */,
				970CE3C6193193EB0038841F /* antlr3bitset.h */,
				970CE3C7193193EB0038841F /* antlr3collections.h */,
				970CE3C8193193EB0038841F /* antlr3commontoken.h */,
				970CE3C9193193EB0038841F /* antlr3commontree.h */,
				970CE3CA193193EB0038841F /* antlr3commontreeadaptor.h */,
				970CE3CB193193EB0038841F /* antlr3commontreenodestream.h */,
				970CE3CC193193EB0038841F /* antlr3convertutf.h */,
				970CE3CD193193EB0038841F /* antlr3cyclicdfa.h */,
				970CE3CE193193EB0038841F /* antlr3debugeventlistener.h */,
				970CE3CF193193EB0038841F /* antlr3defs.h */,
				970CE3D0193193EB0038841F /* antlr3encodings.h */,
				970CE3D1193193EB0038841F /* antlr3errors.h */,
				970CE3D2193193EB0038841F /* antlr3exception.h */,
				970CE3D3193193EB0038841F /* antlr3filestream.h */,
				970CE3D4193193EB0038841F /* antlr3input.h */,
				970CE3D5193193EB0038841F /* antlr3interfaces.h */,
				970CE3D6193193EB0038841F /* antlr3intstream.h */,
				970CE3D7193193EB0038841F /* antlr3lexer.h */,
				970CE3D8193193EB0038841F /* antlr3memory.h */,
				970CE3D9193193EB0038841F /* antlr3parser.h */,
				970CE3DA193193EB0038841F /* antlr3parsetree.h */,
				970CE3DB193193EB0038841F /* antlr3recognizersharedstate.h */,
				970CE3DC193193EB0038841F /* antlr3rewritestreams.h */,
				970CE3DD193193EB0038841F /* antlr3string.h */,
				970CE3DE193193EB0038841F /* antlr3tokenstream.h */,
				970CE3DF193193EB0038841F /* antlr3treeparser.h */,
			);
			path = include;
			sourceTree = "<group>";
		};
		970CE3E1193193EB0038841F /* src */ = {
			isa = PBXGroup;
			children = (
				970CE3E2193193EB0038841F /* antlr3baserecognizer.c */,
				970CE3E3193193EB0038841F /* antlr3basetree.c */,
				970CE3E4193193EB0038841F /* antlr3basetreeadaptor.c */,
				970CE3E5193193EB0038841F /* antlr3bitset.c */,
				970CE3E6193193EB0038841F /* antlr3collections.c */,
				970CE3E7193193EB0038841F /* antlr3commontoken.c */,
				970CE3E8193193EB0038841F /* antlr3commontree.c */,
				970CE3E9193193EB0038841F /* antlr3commontreeadaptor.c */,
				970CE3EA193193EB0038841F /* antlr3commontreenodestream.c */,
				970CE3EB193193EB0038841F /* antlr3convertutf.c */,
				970CE3EC193193EB0038841F /* antlr3cyclicdfa.c */,
				970CE3ED193193EB0038841F /* antlr3debughandlers.c */,
				970CE3EE193193EB0038841F /* antlr3encodings.c */,
				970CE3EF193193EB0038841F /* antlr3exception.c */,
				970CE3F0193193EB0038841F /* antlr3filestream.c */,
				970CE3F1193193EB0038841F /* antlr3inputstream.c */,
				970CE3F2193193EB0038841F /* antlr3intstream.c */,
				970CE3F3193193EB0038841F /* antlr3lexer.c */,
				970CE3F4193193EB0038841F /* antlr3parser.c */,
				970CE3F5193193EB0038841F /* antlr3rewritestreams.c */,
				970CE3F6193193EB0038841F /* antlr3string.c */,
				970CE3F7193193EB0038841F /* antlr3tokenstream.c */,
				970CE3F8193193EB0038841F /* antlr3treeparser.c */,
			);
			path = src;
			sourceTree = "<group>";
		};
/* End PBXGroup section */

/* Begin PBXNativeTarget section */
		970CE394193193B40038841F /* ucifParser */ = {
			isa = PBXNativeTarget;
			buildConfigurationList = 970CE3B8193193B40038841F /* Build configuration list for PBXNativeTarget "ucifParser" */;
			buildPhases = (
				970CE391193193B40038841F /* Sources */,
				970CE392193193B40038841F /* Frameworks */,
				970CE393193193B40038841F /* CopyFiles */,
			);
			buildRules = (
			);
			dependencies = (
			);
			name = ucifParser;
			productName = ucifParser;
			productReference = 970CE395193193B40038841F /* libucifParser.a */;
			productType = "com.apple.product-type.library.static";
		};
		970CE3A4193193B40038841F /* ucifParserTests */ = {
			isa = PBXNativeTarget;
			buildConfigurationList = 970CE3BB193193B40038841F /* Build configuration list for PBXNativeTarget "ucifParserTests" */;
			buildPhases = (
				970CE3A1193193B40038841F /* Sources */,
				970CE3A2193193B40038841F /* Frameworks */,
				970CE3A3193193B40038841F /* Resources */,
			);
			buildRules = (
			);
			dependencies = (
				970CE3AC193193B40038841F /* PBXTargetDependency */,
			);
			name = ucifParserTests;
			productName = ucifParserTests;
			productReference = 970CE3A5193193B40038841F /* ucifParserTests.xctest */;
			productType = "com.apple.product-type.bundle.unit-test";
		};
/* End PBXNativeTarget section */

/* Begin PBXProject section */
		970CE38D193193B40038841F /* Project object */ = {
			isa = PBXProject;
			attributes = {
				LastUpgradeCheck = 0500;
				ORGANIZATIONNAME = "Yi Qiao";
			};
			buildConfigurationList = 970CE390193193B40038841F /* Build configuration list for PBXProject "ucifParser" */;
			compatibilityVersion = "Xcode 3.2";
			developmentRegion = English;
			hasScannedForEncodings = 0;
			knownRegions = (
				en,
			);
			mainGroup = 970CE38C193193B40038841F;
			productRefGroup = 970CE396193193B40038841F /* Products */;
			projectDirPath = "";
			projectRoot = "";
			targets = (
				970CE394193193B40038841F /* ucifParser */,
				970CE3A4193193B40038841F /* ucifParserTests */,
			);
		};
/* End PBXProject section */

/* Begin PBXResourcesBuildPhase section */
		970CE3A3193193B40038841F /* Resources */ = {
			isa = PBXResourcesBuildPhase;
			buildActionMask = 2147483647;
			files = (
				970CE3B3193193B40038841F /* InfoPlist.strings in Resources */,
				970CE420193194780038841F /* coronene.cif in Resources */,
			);
			runOnlyForDeploymentPostprocessing = 0;
		};
/* End PBXResourcesBuildPhase section */

/* Begin PBXSourcesBuildPhase section */
		970CE391193193B40038841F /* Sources */ = {
			isa = PBXSourcesBuildPhase;
			buildActionMask = 2147483647;
			files = (
				970CE40B193193EB0038841F /* antlr3cyclicdfa.c in Sources */,
				970CE408193193EB0038841F /* antlr3commontreeadaptor.c in Sources */,
				970CE415193193EB0038841F /* antlr3string.c in Sources */,
				970CE407193193EB0038841F /* antlr3commontree.c in Sources */,
				970CE417193193EB0038841F /* antlr3treeparser.c in Sources */,
				970CE40F193193EB0038841F /* antlr3filestream.c in Sources */,
				970CE413193193EB0038841F /* antlr3parser.c in Sources */,
				970CE414193193EB0038841F /* antlr3rewritestreams.c in Sources */,
				970CE409193193EB0038841F /* antlr3commontreenodestream.c in Sources */,
				970CE411193193EB0038841F /* antlr3intstream.c in Sources */,
				970CE401193193EB0038841F /* antlr3baserecognizer.c in Sources */,
				970CE41C193194520038841F /* ucifParser.mm in Sources */,
				970CE402193193EB0038841F /* antlr3basetree.c in Sources */,
				970CE40D193193EB0038841F /* antlr3encodings.c in Sources */,
				970CE40E193193EB0038841F /* antlr3exception.c in Sources */,
				970CE403193193EB0038841F /* antlr3basetreeadaptor.c in Sources */,
				970CE406193193EB0038841F /* antlr3commontoken.c in Sources */,
				970CE416193193EB0038841F /* antlr3tokenstream.c in Sources */,
				970CE40C193193EB0038841F /* antlr3debughandlers.c in Sources */,
				970CE418193193EB0038841F /* cifLexer.cpp in Sources */,
				970CE419193193EB0038841F /* cifParser.cpp in Sources */,
				970CE404193193EB0038841F /* antlr3bitset.c in Sources */,
				970CE412193193EB0038841F /* antlr3lexer.c in Sources */,
				970CE410193193EB0038841F /* antlr3inputstream.c in Sources */,
				970CE405193193EB0038841F /* antlr3collections.c in Sources */,
				970CE40A193193EB0038841F /* antlr3convertutf.c in Sources */,
			);
			runOnlyForDeploymentPostprocessing = 0;
		};
		970CE3A1193193B40038841F /* Sources */ = {
			isa = PBXSourcesBuildPhase;
			buildActionMask = 2147483647;
			files = (
				970CE41E1931946D0038841F /* ucifParserTests.mm in Sources */,
			);
			runOnlyForDeploymentPostprocessing = 0;
		};
/* End PBXSourcesBuildPhase section */

/* Begin PBXTargetDependency section */
		970CE3AC193193B40038841F /* PBXTargetDependency */ = {
			isa = PBXTargetDependency;
			target = 970CE394193193B40038841F /* ucifParser */;
			targetProxy = 970CE3AB193193B40038841F /* PBXContainerItemProxy */;
		};
/* End PBXTargetDependency section */

/* Begin PBXVariantGroup section */
		970CE3B1193193B40038841F /* InfoPlist.strings */ = {
			isa = PBXVariantGroup;
			children = (
				970CE3B2193193B40038841F /* en */,
			);
			name = InfoPlist.strings;
			sourceTree = "<group>";
		};
/* End PBXVariantGroup section */

/* Begin XCBuildConfiguration section */
		970CE3B6193193B40038841F /* Debug */ = {
			isa = XCBuildConfiguration;
			buildSettings = {
				ALWAYS_SEARCH_USER_PATHS = YES;
				ARCHS = "$(ARCHS_STANDARD_INCLUDING_64_BIT)";
				CLANG_CXX_LANGUAGE_STANDARD = "gnu++0x";
				CLANG_CXX_LIBRARY = "libc++";
				CLANG_ENABLE_MODULES = YES;
				CLANG_ENABLE_OBJC_ARC = YES;
				CLANG_WARN_BOOL_CONVERSION = YES;
				CLANG_WARN_CONSTANT_CONVERSION = YES;
				CLANG_WARN_DIRECT_OBJC_ISA_USAGE = YES_ERROR;
				CLANG_WARN_EMPTY_BODY = YES;
				CLANG_WARN_ENUM_CONVERSION = YES;
				CLANG_WARN_INT_CONVERSION = YES;
				CLANG_WARN_OBJC_ROOT_CLASS = YES_ERROR;
				CLANG_WARN__DUPLICATE_METHOD_MATCH = YES;
				COPY_PHASE_STRIP = NO;
				GCC_C_LANGUAGE_STANDARD = gnu99;
				GCC_DYNAMIC_NO_PIC = NO;
				GCC_OPTIMIZATION_LEVEL = 0;
				GCC_PREPROCESSOR_DEFINITIONS = (
					"DEBUG=1",
					"$(inherited)",
				);
				GCC_SYMBOLS_PRIVATE_EXTERN = NO;
				GCC_WARN_64_TO_32_BIT_CONVERSION = YES;
				GCC_WARN_ABOUT_RETURN_TYPE = YES_ERROR;
				GCC_WARN_UNDECLARED_SELECTOR = YES;
				GCC_WARN_UNINITIALIZED_AUTOS = YES;
				GCC_WARN_UNUSED_FUNCTION = YES;
				GCC_WARN_UNUSED_VARIABLE = YES;
				HEADER_SEARCH_PATHS = (
					"$(inherited)",
					/Applications/Xcode.app/Contents/Developer/Toolchains/XcodeDefault.xctoolchain/usr/include,
				);
				IPHONEOS_DEPLOYMENT_TARGET = 7.0;
				ONLY_ACTIVE_ARCH = YES;
				SDKROOT = iphoneos;
				USER_HEADER_SEARCH_PATHS = "$(SRCROOT)/**";
			};
			name = Debug;
		};
		970CE3B7193193B40038841F /* Release */ = {
			isa = XCBuildConfiguration;
			buildSettings = {
				ALWAYS_SEARCH_USER_PATHS = YES;
				ARCHS = "$(ARCHS_STANDARD_INCLUDING_64_BIT)";
				CLANG_CXX_LANGUAGE_STANDARD = "gnu++0x";
				CLANG_CXX_LIBRARY = "libc++";
				CLANG_ENABLE_MODULES = YES;
				CLANG_ENABLE_OBJC_ARC = YES;
				CLANG_WARN_BOOL_CONVERSION = YES;
				CLANG_WARN_CONSTANT_CONVERSION = YES;
				CLANG_WARN_DIRECT_OBJC_ISA_USAGE = YES_ERROR;
				CLANG_WARN_EMPTY_BODY = YES;
				CLANG_WARN_ENUM_CONVERSION = YES;
				CLANG_WARN_INT_CONVERSION = YES;
				CLANG_WARN_OBJC_ROOT_CLASS = YES_ERROR;
				CLANG_WARN__DUPLICATE_METHOD_MATCH = YES;
				COPY_PHASE_STRIP = YES;
				ENABLE_NS_ASSERTIONS = NO;
				GCC_C_LANGUAGE_STANDARD = gnu99;
				GCC_WARN_64_TO_32_BIT_CONVERSION = YES;
				GCC_WARN_ABOUT_RETURN_TYPE = YES_ERROR;
				GCC_WARN_UNDECLARED_SELECTOR = YES;
				GCC_WARN_UNINITIALIZED_AUTOS = YES;
				GCC_WARN_UNUSED_FUNCTION = YES;
				GCC_WARN_UNUSED_VARIABLE = YES;
				HEADER_SEARCH_PATHS = (
					"$(inherited)",
					/Applications/Xcode.app/Contents/Developer/Toolchains/XcodeDefault.xctoolchain/usr/include,
				);
				IPHONEOS_DEPLOYMENT_TARGET = 7.0;
				SDKROOT = iphoneos;
				USER_HEADER_SEARCH_PATHS = "$(SRCROOT)/**";
				VALIDATE_PRODUCT = YES;
			};
			name = Release;
		};
		970CE3B9193193B40038841F /* Debug */ = {
			isa = XCBuildConfiguration;
			buildSettings = {
				DSTROOT = /tmp/ucifParser.dst;
				GCC_PRECOMPILE_PREFIX_HEADER = YES;
				GCC_PREFIX_HEADER = "ucifParser/ucifParser-Prefix.pch";
				OTHER_LDFLAGS = "-ObjC";
				PRODUCT_NAME = "$(TARGET_NAME)";
				SKIP_INSTALL = YES;
			};
			name = Debug;
		};
		970CE3BA193193B40038841F /* Release */ = {
			isa = XCBuildConfiguration;
			buildSettings = {
				DSTROOT = /tmp/ucifParser.dst;
				GCC_PRECOMPILE_PREFIX_HEADER = YES;
				GCC_PREFIX_HEADER = "ucifParser/ucifParser-Prefix.pch";
				OTHER_LDFLAGS = "-ObjC";
				PRODUCT_NAME = "$(TARGET_NAME)";
				SKIP_INSTALL = YES;
			};
			name = Release;
		};
		970CE3BC193193B40038841F /* Debug */ = {
			isa = XCBuildConfiguration;
			buildSettings = {
				ARCHS = "$(ARCHS_STANDARD_INCLUDING_64_BIT)";
				FRAMEWORK_SEARCH_PATHS = (
					"$(SDKROOT)/Developer/Library/Frameworks",
					"$(inherited)",
					"$(DEVELOPER_FRAMEWORKS_DIR)",
				);
				GCC_PRECOMPILE_PREFIX_HEADER = YES;
				GCC_PREFIX_HEADER = "ucifParser/ucifParser-Prefix.pch";
				GCC_PREPROCESSOR_DEFINITIONS = (
					"DEBUG=1",
					"$(inherited)",
				);
				INFOPLIST_FILE = "ucifParserTests/ucifParserTests-Info.plist";
				PRODUCT_NAME = "$(TARGET_NAME)";
				WRAPPER_EXTENSION = xctest;
			};
			name = Debug;
		};
		970CE3BD193193B40038841F /* Release */ = {
			isa = XCBuildConfiguration;
			buildSettings = {
				ARCHS = "$(ARCHS_STANDARD_INCLUDING_64_BIT)";
				FRAMEWORK_SEARCH_PATHS = (
					"$(SDKROOT)/Developer/Library/Frameworks",
					"$(inherited)",
					"$(DEVELOPER_FRAMEWORKS_DIR)",
				);
				GCC_PRECOMPILE_PREFIX_HEADER = YES;
				GCC_PREFIX_HEADER = "ucifParser/ucifParser-Prefix.pch";
				INFOPLIST_FILE = "ucifParserTests/ucifParserTests-Info.plist";
				PRODUCT_NAME = "$(TARGET_NAME)";
				WRAPPER_EXTENSION = xctest;
			};
			name = Release;
		};
/* End XCBuildConfiguration section */

/* Begin XCConfigurationList section */
		970CE390193193B40038841F /* Build configuration list for PBXProject "ucifParser" */ = {
			isa = XCConfigurationList;
			buildConfigurations = (
				970CE3B6193193B40038841F /* Debug */,
				970CE3B7193193B40038841F /* Release */,
			);
			defaultConfigurationIsVisible = 0;
			defaultConfigurationName = Release;
		};
		970CE3B8193193B40038841F /* Build configuration list for PBXNativeTarget "ucifParser" */ = {
			isa = XCConfigurationList;
			buildConfigurations = (
				970CE3B9193193B40038841F /* Debug */,
				970CE3BA193193B40038841F /* Release */,
			);
			defaultConfigurationIsVisible = 0;
		};
		970CE3BB193193B40038841F /* Build configuration list for PBXNativeTarget "ucifParserTests" */ = {
			isa = XCConfigurationList;
			buildConfigurations = (
				970CE3BC193193B40038841F /* Debug */,
				970CE3BD193193B40038841F /* Release */,
			);
			defaultConfigurationIsVisible = 0;
		};
/* End XCConfigurationList section */
	};
	rootObject = 970CE38D193193B40038841F /* Project object */;
}
